{
  "name": "example-app",
  "version": "1.0.0",
  "lockfileVersion": 2,
  "requires": true,
  "packages": {
    "": {
      "name": "example-app",
      "version": "1.0.0",
      "dependencies": {
        "axios": "0.21.1",
        "express": "4.18.2",
        "lodash": "4.17.20"
      }
    },
    "node_modules/axios": {
      "version": "0.21.1",
      "resolved": "https://registry.npmjs.org/axios/-/axios-0.21.1.tgz",
      "license": "MIT"
    },
    "node_modules/express": {
      "version": "4.18.2",
      "resolved": "https://registry.npmjs.org/express/-/express-4.18.2.tgz",
      "license": "MIT"
    },
    "node_modules/lodash": {
      "version": "4.17.20",
      "resolved": "https://registry.npmjs.org/lodash/-/lodash-4.17.20.tgz",
      "license": "MIT"
    }
  }
}
